<?xml version="1.0" encoding="utf-8"?>
<Project ToolsVersion="4.0" xmlns="http://schemas.microsoft.com/developer/msbuild/2003">
  <ItemGroup>
    <Filter Include="源文件">
      <UniqueIdentifier>{4FC737F1-C7A5-4376-A066-2A32D752A2FF}</UniqueIdentifier>
      <Extensions>cpp;c;cc;cxx;def;odl;idl;hpj;bat;asm;asmx</Extensions>
    </Filter>
    <Filter Include="头文件">
      <UniqueIdentifier>{93995380-89BD-4b04-88EB-625FBE52EBFB}</UniqueIdentifier>
      <Extensions>h;hh;hpp;hxx;hm;inl;inc;ipp;xsd</Extensions>
    </Filter>
    <Filter Include="资源文件">
      <UniqueIdentifier>{67DA6AB6-F800-4c08-8B7A-83BB121AAD01}</UniqueIdentifier>
      <Extensions>rc;ico;cur;bmp;dlg;rc2;rct;bin;rgs;gif;jpg;jpeg;jpe;resx;tiff;tif;png;wav;mfcribbon-ms</Extensions>
    </Filter>
    <Filter Include="core">
      <UniqueIdentifier>{d5810d38-7dfa-48aa-9d87-e98b42b9c67f}</UniqueIdentifier>
    </Filter>
    <Filter Include="sharedlibrary">
      <UniqueIdentifier>{8a98ec1b-51e3-4124-9293-226c982c60c7}</UniqueIdentifier>
    </Filter>
  </ItemGroup>
  <ItemGroup>
    <ClInclude Include="sharedlibrary\ClassLoader.h">
      <Filter>sharedlibrary</Filter>
    </ClInclude>
    <ClInclude Include="sharedlibrary\Manifest.h">
      <Filter>sharedlibrary</Filter>
    </ClInclude>
    <ClInclude Include="sharedlibrary\MetaObject.h">
      <Filter>sharedlibrary</Filter>
    </ClInclude>
    <ClInclude Include="sharedlibrary\SharedLibrary.h">
      <Filter>sharedlibrary</Filter>
    </ClInclude>
    <ClInclude Include="core\String.h">
      <Filter>core</Filter>
    </ClInclude>
  </ItemGroup>
  <ItemGroup>
    <ClCompile Include="sharedlibrary\SharedLibrary.cpp">
      <Filter>sharedlibrary</Filter>
    </ClCompile>
    <ClCompile Include="core\String.cpp">
      <Filter>core</Filter>
    </ClCompile>
    <ClCompile Include="main.cpp">
      <Filter>源文件</Filter>
    </ClCompile>
  </ItemGroup>
</Project>